Microsoft Visual Studio Solution File, Format Version 12.00
# Visual Studio Version 17
VisualStudioVersion = 17.5.2.0
MinimumVisualStudioVersion = 10.0.40219.1
Project("{FAE04EC0-301F-11D3-BF4B-00C04F79EFBC}") = "D_API", "D_API.csproj", "{70E37063-0FBD-9085-EC13-C8502E22E90C}"
EndProject
Global
	GlobalSection(SolutionConfigurationPlatforms) = preSolution
		Debug|Any CPU = Debug|Any CPU
		Release|Any CPU = Release|Any CPU
	EndGlobalSection
	GlobalSection(ProjectConfigurationPlatforms) = postSolution
		{70E37063-0FBD-9085-EC13-C8502E22E90C}.Debug|Any CPU.ActiveCfg = Debug|Any CPU
		{70E37063-0FBD-9085-EC13-C8502E22E90C}.Debug|Any CPU.Build.0 = Debug|Any CPU
		{70E37063-0FBD-9085-EC13-C8502E22E90C}.Release|Any CPU.ActiveCfg = Release|Any CPU
		{70E37063-0FBD-9085-EC13-C8502E22E90C}.Release|Any CPU.Build.0 = Release|Any CPU
	EndGlobalSection
	GlobalSection(SolutionProperties) = preSolution
		HideSolutionNode = FALSE
	EndGlobalSection
	GlobalSection(ExtensibilityGlobals) = postSolution
		SolutionGuid = {1A94BAAC-EEBB-40A2-94CA-3FA205CC6525}
	EndGlobalSection
EndGlobal
